
Microsoft Visual Studio Solution File, Format Version 12.00
# Visual Studio Version 17
VisualStudioVersion = 17.12.35514.174
MinimumVisualStudioVersion = 10.0.40219.1
Project("{FAE04EC0-301F-11D3-BF4B-00C04F79EFBC}") = "JLUM", "JLUM\JLUM.csproj", "{89825523-977D-405B-80EA-31CC159D3CED}"
EndProject
Global
	GlobalSection(SolutionConfigurationPlatforms) = preSolution
		Debug|Any CPU = Debug|Any CPU
		Release|Any CPU = Release|Any CPU
	EndGlobalSection
	GlobalSection(ProjectConfigurationPlatforms) = postSolution
		{89825523-977D-405B-80EA-31CC159D3CED}.Debug|Any CPU.ActiveCfg = Debug|Any CPU
		{89825523-977D-405B-80EA-31CC159D3CED}.Debug|Any CPU.Build.0 = Debug|Any CPU
		{89825523-977D-405B-80EA-31CC159D3CED}.Release|Any CPU.ActiveCfg = Release|Any CPU
		{89825523-977D-405B-80EA-31CC159D3CED}.Release|Any CPU.Build.0 = Release|Any CPU
	EndGlobalSection
	GlobalSection(SolutionProperties) = preSolution
		HideSolutionNode = FALSE
	EndGlobalSection
EndGlobal
